// !$*UTF8*$!
{
	archiveVersion = 1;
	classes = {
	};
	objectVersion = 46;
	objects = {

/* Begin PBXBuildFile section */
		7F8991C919B9BA0000D07DA1 /* Foundation.framework in Frameworks */ = {isa = PBXBuildFile; fileRef = 7F8991C819B9BA0000D07DA1 /* Foundation.framework */; };
		7F8991CB19B9BA0000D07DA1 /* CoreGraphics.framework in Frameworks */ = {isa = PBXBuildFile; fileRef = 7F8991CA19B9BA0000D07DA1 /* CoreGraphics.framework */; };
		7F8991CD19B9BA0000D07DA1 /* UIKit.framework in Frameworks */ = {isa = PBXBuildFile; fileRef = 7F8991CC19B9BA0000D07DA1 /* UIKit.framework */; };
		7F8991D519B9BA0000D07DA1 /* main.m in Sources */ = {isa = PBXBuildFile; fileRef = 7F8991D419B9BA0000D07DA1 /* main.m */; };
		7F8991E119B9BA0000D07DA1 /* Images.xcassets in Resources */ = {isa = PBXBuildFile; fileRef = 7F8991E019B9BA0000D07DA1 /* Images.xcassets */; };
		7F8991E819B9BA0000D07DA1 /* XCTest.framework in Frameworks */ = {isa = PBXBuildFile; fileRef = 7F8991E719B9BA0000D07DA1 /* XCTest.framework */; };
		7F8991E919B9BA0000D07DA1 /* Foundation.framework in Frameworks */ = {isa = PBXBuildFile; fileRef = 7F8991C819B9BA0000D07DA1 /* Foundation.framework */; };
		7F8991EA19B9BA0000D07DA1 /* UIKit.framework in Frameworks */ = {isa = PBXBuildFile; fileRef = 7F8991CC19B9BA0000D07DA1 /* UIKit.framework */; };
		7F8991F219B9BA0000D07DA1 /* InfoPlist.strings in Resources */ = {isa = PBXBuildFile; fileRef = 7F8991F019B9BA0000D07DA1 /* InfoPlist.strings */; };
		7F8991F419B9BA0000D07DA1 /* CustomStackViewTests.m in Sources */ = {isa = PBXBuildFile; fileRef = 7F8991F319B9BA0000D07DA1 /* CustomStackViewTests.m */; };
		7F91008319BDA3F800FC8807 /* CSVAppDelegate.m in Sources */ = {isa = PBXBuildFile; fileRef = 7F91007A19BDA3F800FC8807 /* CSVAppDelegate.m */; };
		7F91008419BDA3F800FC8807 /* CSVViewController.m in Sources */ = {isa = PBXBuildFile; fileRef = 7F91007D19BDA3F800FC8807 /* CSVViewController.m */; };
		7F91008519BDA3F800FC8807 /* Main.storyboard in Resources */ = {isa = PBXBuildFile; fileRef = 7F91007F19BDA3F800FC8807 /* Main.storyboard */; };
		7F91008619BDA3F800FC8807 /* InfoPlist.strings in Resources */ = {isa = PBXBuildFile; fileRef = 7F91008119BDA3F800FC8807 /* InfoPlist.strings */; };
		7F91008A19BDA41E00FC8807 /* CSVStackView.m in Sources */ = {isa = PBXBuildFile; fileRef = 7F91008919BDA41E00FC8807 /* CSVStackView.m */; };
/* End PBXBuildFile section */

/* Begin PBXContainerItemProxy section */
		7F8991EB19B9BA0000D07DA1 /* PBXContainerItemProxy */ = {
			isa = PBXContainerItemProxy;
			containerPortal = 7F8991BD19B9BA0000D07DA1 /* Project object */;
			proxyType = 1;
			remoteGlobalIDString = 7F8991C419B9BA0000D07DA1;
			remoteInfo = CustomStackView;
		};
/* End PBXContainerItemProxy section */

/* Begin PBXFileReference section */
		7F8991C519B9BA0000D07DA1 /* CustomStackView.app */ = {isa = PBXFileReference; explicitFileType = wrapper.application; includeInIndex = 0; path = CustomStackView.app; sourceTree = BUILT_PRODUCTS_DIR; };
		7F8991C819B9BA0000D07DA1 /* Foundation.framework */ = {isa = PBXFileReference; lastKnownFileType = wrapper.framework; name = Foundation.framework; path = System/Library/Frameworks/Foundation.framework; sourceTree = SDKROOT; };
		7F8991CA19B9BA0000D07DA1 /* CoreGraphics.framework */ = {isa = PBXFileReference; lastKnownFileType = wrapper.framework; name = CoreGraphics.framework; path = System/Library/Frameworks/CoreGraphics.framework; sourceTree = SDKROOT; };
		7F8991CC19B9BA0000D07DA1 /* UIKit.framework */ = {isa = PBXFileReference; lastKnownFileType = wrapper.framework; name = UIKit.framework; path = System/Library/Frameworks/UIKit.framework; sourceTree = SDKROOT; };
		7F8991D019B9BA0000D07DA1 /* CustomStackView-Info.plist */ = {isa = PBXFileReference; lastKnownFileType = text.plist.xml; path = "CustomStackView-Info.plist"; sourceTree = "<group>"; };
		7F8991D419B9BA0000D07DA1 /* main.m */ = {isa = PBXFileReference; lastKnownFileType = sourcecode.c.objc; path = main.m; sourceTree = "<group>"; };
		7F8991D619B9BA0000D07DA1 /* CustomStackView-Prefix.pch */ = {isa = PBXFileReference; lastKnownFileType = sourcecode.c.h; path = "CustomStackView-Prefix.pch"; sourceTree = "<group>"; };
		7F8991E019B9BA0000D07DA1 /* Images.xcassets */ = {isa = PBXFileReference; lastKnownFileType = folder.assetcatalog; path = Images.xcassets; sourceTree = "<group>"; };
		7F8991E619B9BA0000D07DA1 /* CustomStackViewTests.xctest */ = {isa = PBXFileReference; explicitFileType = wrapper.cfbundle; includeInIndex = 0; path = CustomStackViewTests.xctest; sourceTree = BUILT_PRODUCTS_DIR; };
		7F8991E719B9BA0000D07DA1 /* XCTest.framework */ = {isa = PBXFileReference; lastKnownFileType = wrapper.framework; name = XCTest.framework; path = Library/Frameworks/XCTest.framework; sourceTree = DEVELOPER_DIR; };
		7F8991EF19B9BA0000D07DA1 /* CustomStackViewTests-Info.plist */ = {isa = PBXFileReference; lastKnownFileType = text.plist.xml; path = "CustomStackViewTests-Info.plist"; sourceTree = "<group>"; };
		7F8991F119B9BA0000D07DA1 /* en */ = {isa = PBXFileReference; lastKnownFileType = text.plist.strings; name = en; path = en.lproj/InfoPlist.strings; sourceTree = "<group>"; };
		7F8991F319B9BA0000D07DA1 /* CustomStackViewTests.m */ = {isa = PBXFileReference; lastKnownFileType = sourcecode.c.objc; path = CustomStackViewTests.m; sourceTree = "<group>"; };
		7F91007919BDA3F800FC8807 /* CSVAppDelegate.h */ = {isa = PBXFileReference; fileEncoding = 4; lastKnownFileType = sourcecode.c.h; path = CSVAppDelegate.h; sourceTree = "<group>"; };
		7F91007A19BDA3F800FC8807 /* CSVAppDelegate.m */ = {isa = PBXFileReference; fileEncoding = 4; lastKnownFileType = sourcecode.c.objc; path = CSVAppDelegate.m; sourceTree = "<group>"; };
		7F91007C19BDA3F800FC8807 /* CSVViewController.h */ = {isa = PBXFileReference; fileEncoding = 4; lastKnownFileType = sourcecode.c.h; path = CSVViewController.h; sourceTree = "<group>"; };
		7F91007D19BDA3F800FC8807 /* CSVViewController.m */ = {isa = PBXFileReference; fileEncoding = 4; lastKnownFileType = sourcecode.c.objc; path = CSVViewController.m; sourceTree = "<group>"; };
		7F91008019BDA3F800FC8807 /* Base */ = {isa = PBXFileReference; lastKnownFileType = file.storyboard; name = Base; path = Base.lproj/Main.storyboard; sourceTree = "<group>"; };
		7F91008219BDA3F800FC8807 /* en */ = {isa = PBXFileReference; lastKnownFileType = text.plist.strings; name = en; path = en.lproj/InfoPlist.strings; sourceTree = "<group>"; };
		7F91008819BDA41E00FC8807 /* CSVStackView.h */ = {isa = PBXFileReference; fileEncoding = 4; lastKnownFileType = sourcecode.c.h; path = CSVStackView.h; sourceTree = "<group>"; };
		7F91008919BDA41E00FC8807 /* CSVStackView.m */ = {isa = PBXFileReference; fileEncoding = 4; lastKnownFileType = sourcecode.c.objc; path = CSVStackView.m; sourceTree = "<group>"; };
/* End PBXFileReference section */

/* Begin PBXFrameworksBuildPhase section */
		7F8991C219B9BA0000D07DA1 /* Frameworks */ = {
			isa = PBXFrameworksBuildPhase;
			buildActionMask = 2147483647;
			files = (
				7F8991CB19B9BA0000D07DA1 /* CoreGraphics.framework in Frameworks */,
				7F8991CD19B9BA0000D07DA1 /* UIKit.framework in Frameworks */,
				7F8991C919B9BA0000D07DA1 /* Foundation.framework in Frameworks */,
			);
			runOnlyForDeploymentPostprocessing = 0;
		};
		7F8991E319B9BA0000D07DA1 /* Frameworks */ = {
			isa = PBXFrameworksBuildPhase;
			buildActionMask = 2147483647;
			files = (
				7F8991E819B9BA0000D07DA1 /* XCTest.framework in Frameworks */,
				7F8991EA19B9BA0000D07DA1 /* UIKit.framework in Frameworks */,
				7F8991E919B9BA0000D07DA1 /* Foundation.framework in Frameworks */,
			);
			runOnlyForDeploymentPostprocessing = 0;
		};
/* End PBXFrameworksBuildPhase section */

/* Begin PBXGroup section */
		7F8991BC19B9BA0000D07DA1 = {
			isa = PBXGroup;
			children = (
				7F8991CE19B9BA0000D07DA1 /* CustomStackView */,
				7F8991ED19B9BA0000D07DA1 /* CustomStackViewTests */,
				7F8991C719B9BA0000D07DA1 /* Frameworks */,
				7F8991C619B9BA0000D07DA1 /* Products */,
			);
			sourceTree = "<group>";
		};
		7F8991C619B9BA0000D07DA1 /* Products */ = {
			isa = PBXGroup;
			children = (
				7F8991C519B9BA0000D07DA1 /* CustomStackView.app */,
				7F8991E619B9BA0000D07DA1 /* CustomStackViewTests.xctest */,
			);
			name = Products;
			sourceTree = "<group>";
		};
		7F8991C719B9BA0000D07DA1 /* Frameworks */ = {
			isa = PBXGroup;
			children = (
				7F8991C819B9BA0000D07DA1 /* Foundation.framework */,
				7F8991CA19B9BA0000D07DA1 /* CoreGraphics.framework */,
				7F8991CC19B9BA0000D07DA1 /* UIKit.framework */,
				7F8991E719B9BA0000D07DA1 /* XCTest.framework */,
			);
			name = Frameworks;
			sourceTree = "<group>";
		};
		7F8991CE19B9BA0000D07DA1 /* CustomStackView */ = {
			isa = PBXGroup;
			children = (
				7F91008719BDA41E00FC8807 /* CSVStackView */,
				7F91007819BDA3F800FC8807 /* AppDelegate */,
				7F91007B19BDA3F800FC8807 /* Controllers */,
				7F91007E19BDA3F800FC8807 /* Storyboards */,
				7F8991E019B9BA0000D07DA1 /* Images.xcassets */,
				7F8991CF19B9BA0000D07DA1 /* Supporting Files */,
			);
			path = CustomStackView;
			sourceTree = "<group>";
		};
		7F8991CF19B9BA0000D07DA1 /* Supporting Files */ = {
			isa = PBXGroup;
			children = (
				7F8991D019B9BA0000D07DA1 /* CustomStackView-Info.plist */,
				7F8991D419B9BA0000D07DA1 /* main.m */,
				7F8991D619B9BA0000D07DA1 /* CustomStackView-Prefix.pch */,
			);
			name = "Supporting Files";
			sourceTree = "<group>";
		};
		7F8991ED19B9BA0000D07DA1 /* CustomStackViewTests */ = {
			isa = PBXGroup;
			children = (
				7F8991F319B9BA0000D07DA1 /* CustomStackViewTests.m */,
				7F8991EE19B9BA0000D07DA1 /* Supporting Files */,
			);
			path = CustomStackViewTests;
			sourceTree = "<group>";
		};
		7F8991EE19B9BA0000D07DA1 /* Supporting Files */ = {
			isa = PBXGroup;
			children = (
				7F8991EF19B9BA0000D07DA1 /* CustomStackViewTests-Info.plist */,
				7F8991F019B9BA0000D07DA1 /* InfoPlist.strings */,
			);
			name = "Supporting Files";
			sourceTree = "<group>";
		};
		7F91007819BDA3F800FC8807 /* AppDelegate */ = {
			isa = PBXGroup;
			children = (
				7F91007919BDA3F800FC8807 /* CSVAppDelegate.h */,
				7F91007A19BDA3F800FC8807 /* CSVAppDelegate.m */,
			);
			path = AppDelegate;
			sourceTree = "<group>";
		};
		7F91007B19BDA3F800FC8807 /* Controllers */ = {
			isa = PBXGroup;
			children = (
				7F91007C19BDA3F800FC8807 /* CSVViewController.h */,
				7F91007D19BDA3F800FC8807 /* CSVViewController.m */,
			);
			path = Controllers;
			sourceTree = "<group>";
		};
		7F91007E19BDA3F800FC8807 /* Storyboards */ = {
			isa = PBXGroup;
			children = (
				7F91007F19BDA3F800FC8807 /* Main.storyboard */,
				7F91008119BDA3F800FC8807 /* InfoPlist.strings */,
			);
			path = Storyboards;
			sourceTree = "<group>";
		};
		7F91008719BDA41E00FC8807 /* CSVStackView */ = {
			isa = PBXGroup;
			children = (
				7F91008819BDA41E00FC8807 /* CSVStackView.h */,
				7F91008919BDA41E00FC8807 /* CSVStackView.m */,
			);
			path = CSVStackView;
			sourceTree = SOURCE_ROOT;
		};
/* End PBXGroup section */

/* Begin PBXNativeTarget section */
		7F8991C419B9BA0000D07DA1 /* CustomStackView */ = {
			isa = PBXNativeTarget;
			buildConfigurationList = 7F8991F719B9BA0000D07DA1 /* Build configuration list for PBXNativeTarget "CustomStackView" */;
			buildPhases = (
				7F8991C119B9BA0000D07DA1 /* Sources */,
				7F8991C219B9BA0000D07DA1 /* Frameworks */,
				7F8991C319B9BA0000D07DA1 /* Resources */,
			);
			buildRules = (
			);
			dependencies = (
			);
			name = CustomStackView;
			productName = CustomStackView;
			productReference = 7F8991C519B9BA0000D07DA1 /* CustomStackView.app */;
			productType = "com.apple.product-type.application";
		};
		7F8991E519B9BA0000D07DA1 /* CustomStackViewTests */ = {
			isa = PBXNativeTarget;
			buildConfigurationList = 7F8991FA19B9BA0000D07DA1 /* Build configuration list for PBXNativeTarget "CustomStackViewTests" */;
			buildPhases = (
				7F8991E219B9BA0000D07DA1 /* Sources */,
				7F8991E319B9BA0000D07DA1 /* Frameworks */,
				7F8991E419B9BA0000D07DA1 /* Resources */,
			);
			buildRules = (
			);
			dependencies = (
				7F8991EC19B9BA0000D07DA1 /* PBXTargetDependency */,
			);
			name = CustomStackViewTests;
			productName = CustomStackViewTests;
			productReference = 7F8991E619B9BA0000D07DA1 /* CustomStackViewTests.xctest */;
			productType = "com.apple.product-type.bundle.unit-test";
		};
/* End PBXNativeTarget section */

/* Begin PBXProject section */
		7F8991BD19B9BA0000D07DA1 /* Project object */ = {
			isa = PBXProject;
			attributes = {
				CLASSPREFIX = CSV;
				LastUpgradeCheck = 0510;
				ORGANIZATIONNAME = EvgenyiTyulenev;
				TargetAttributes = {
					7F8991E519B9BA0000D07DA1 = {
						TestTargetID = 7F8991C419B9BA0000D07DA1;
					};
				};
			};
			buildConfigurationList = 7F8991C019B9BA0000D07DA1 /* Build configuration list for PBXProject "CustomStackView" */;
			compatibilityVersion = "Xcode 3.2";
			developmentRegion = English;
			hasScannedForEncodings = 0;
			knownRegions = (
				en,
				Base,
			);
			mainGroup = 7F8991BC19B9BA0000D07DA1;
			productRefGroup = 7F8991C619B9BA0000D07DA1 /* Products */;
			projectDirPath = "";
			projectRoot = "";
			targets = (
				7F8991C419B9BA0000D07DA1 /* CustomStackView */,
				7F8991E519B9BA0000D07DA1 /* CustomStackViewTests */,
			);
		};
/* End PBXProject section */

/* Begin PBXResourcesBuildPhase section */
		7F8991C319B9BA0000D07DA1 /* Resources */ = {
			isa = PBXResourcesBuildPhase;
			buildActionMask = 2147483647;
			files = (
				7F91008519BDA3F800FC8807 /* Main.storyboard in Resources */,
				7F91008619BDA3F800FC8807 /* InfoPlist.strings in Resources */,
				7F8991E119B9BA0000D07DA1 /* Images.xcassets in Resources */,
			);
			runOnlyForDeploymentPostprocessing = 0;
		};
		7F8991E419B9BA0000D07DA1 /* Resources */ = {
			isa = PBXResourcesBuildPhase;
			buildActionMask = 2147483647;
			files = (
				7F8991F219B9BA0000D07DA1 /* InfoPlist.strings in Resources */,
			);
			runOnlyForDeploymentPostprocessing = 0;
		};
/* End PBXResourcesBuildPhase section */

/* Begin PBXSourcesBuildPhase section */
		7F8991C119B9BA0000D07DA1 /* Sources */ = {
			isa = PBXSourcesBuildPhase;
			buildActionMask = 2147483647;
			files = (
				7F91008419BDA3F800FC8807 /* CSVViewController.m in Sources */,
				7F8991D519B9BA0000D07DA1 /* main.m in Sources */,
				7F91008A19BDA41E00FC8807 /* CSVStackView.m in Sources */,
				7F91008319BDA3F800FC8807 /* CSVAppDelegate.m in Sources */,
			);
			runOnlyForDeploymentPostprocessing = 0;
		};
		7F8991E219B9BA0000D07DA1 /* Sources */ = {
			isa = PBXSourcesBuildPhase;
			buildActionMask = 2147483647;
			files = (
				7F8991F419B9BA0000D07DA1 /* CustomStackViewTests.m in Sources */,
			);
			runOnlyForDeploymentPostprocessing = 0;
		};
/* End PBXSourcesBuildPhase section */

/* Begin PBXTargetDependency section */
		7F8991EC19B9BA0000D07DA1 /* PBXTargetDependency */ = {
			isa = PBXTargetDependency;
			target = 7F8991C419B9BA0000D07DA1 /* CustomStackView */;
			targetProxy = 7F8991EB19B9BA0000D07DA1 /* PBXContainerItemProxy */;
		};
/* End PBXTargetDependency section */

/* Begin PBXVariantGroup section */
		7F8991F019B9BA0000D07DA1 /* InfoPlist.strings */ = {
			isa = PBXVariantGroup;
			children = (
				7F8991F119B9BA0000D07DA1 /* en */,
			);
			name = InfoPlist.strings;
			sourceTree = "<group>";
		};
		7F91007F19BDA3F800FC8807 /* Main.storyboard */ = {
			isa = PBXVariantGroup;
			children = (
				7F91008019BDA3F800FC8807 /* Base */,
			);
			name = Main.storyboard;
			sourceTree = "<group>";
		};
		7F91008119BDA3F800FC8807 /* InfoPlist.strings */ = {
			isa = PBXVariantGroup;
			children = (
				7F91008219BDA3F800FC8807 /* en */,
			);
			name = InfoPlist.strings;
			sourceTree = "<group>";
		};
/* End PBXVariantGroup section */

/* Begin XCBuildConfiguration section */
		7F8991F519B9BA0000D07DA1 /* Debug */ = {
			isa = XCBuildConfiguration;
			buildSettings = {
				ALWAYS_SEARCH_USER_PATHS = NO;
				CLANG_CXX_LANGUAGE_STANDARD = "gnu++0x";
				CLANG_CXX_LIBRARY = "libc++";
				CLANG_ENABLE_MODULES = YES;
				CLANG_ENABLE_OBJC_ARC = YES;
				CLANG_WARN_BOOL_CONVERSION = YES;
				CLANG_WARN_CONSTANT_CONVERSION = YES;
				CLANG_WARN_DIRECT_OBJC_ISA_USAGE = YES_ERROR;
				CLANG_WARN_EMPTY_BODY = YES;
				CLANG_WARN_ENUM_CONVERSION = YES;
				CLANG_WARN_INT_CONVERSION = YES;
				CLANG_WARN_OBJC_ROOT_CLASS = YES_ERROR;
				CLANG_WARN__DUPLICATE_METHOD_MATCH = YES;
				"CODE_SIGN_IDENTITY[sdk=iphoneos*]" = "iPhone Developer";
				COPY_PHASE_STRIP = NO;
				GCC_C_LANGUAGE_STANDARD = gnu99;
				GCC_DYNAMIC_NO_PIC = NO;
				GCC_OPTIMIZATION_LEVEL = 0;
				GCC_PREPROCESSOR_DEFINITIONS = (
					"DEBUG=1",
					"$(inherited)",
				);
				GCC_SYMBOLS_PRIVATE_EXTERN = NO;
				GCC_WARN_64_TO_32_BIT_CONVERSION = YES;
				GCC_WARN_ABOUT_RETURN_TYPE = YES_ERROR;
				GCC_WARN_UNDECLARED_SELECTOR = YES;
				GCC_WARN_UNINITIALIZED_AUTOS = YES_AGGRESSIVE;
				GCC_WARN_UNUSED_FUNCTION = YES;
				GCC_WARN_UNUSED_VARIABLE = YES;
				IPHONEOS_DEPLOYMENT_TARGET = 7.0;
				ONLY_ACTIVE_ARCH = YES;
				SDKROOT = iphoneos;
			};
			name = Debug;
		};
		7F8991F619B9BA0000D07DA1 /* Release */ = {
			isa = XCBuildConfiguration;
			buildSettings = {
				ALWAYS_SEARCH_USER_PATHS = NO;
				CLANG_CXX_LANGUAGE_STANDARD = "gnu++0x";
				CLANG_CXX_LIBRARY = "libc++";
				CLANG_ENABLE_MODULES = YES;
				CLANG_ENABLE_OBJC_ARC = YES;
				CLANG_WARN_BOOL_CONVERSION = YES;
				CLANG_WARN_CONSTANT_CONVERSION = YES;
				CLANG_WARN_DIRECT_OBJC_ISA_USAGE = YES_ERROR;
				CLANG_WARN_EMPTY_BODY = YES;
				CLANG_WARN_ENUM_CONVERSION = YES;
				CLANG_WARN_INT_CONVERSION = YES;
				CLANG_WARN_OBJC_ROOT_CLASS = YES_ERROR;
				CLANG_WARN__DUPLICATE_METHOD_MATCH = YES;
				"CODE_SIGN_IDENTITY[sdk=iphoneos*]" = "iPhone Developer";
				COPY_PHASE_STRIP = YES;
				ENABLE_NS_ASSERTIONS = NO;
				GCC_C_LANGUAGE_STANDARD = gnu99;
				GCC_WARN_64_TO_32_BIT_CONVERSION = YES;
				GCC_WARN_ABOUT_RETURN_TYPE = YES_ERROR;
				GCC_WARN_UNDECLARED_SELECTOR = YES;
				GCC_WARN_UNINITIALIZED_AUTOS = YES_AGGRESSIVE;
				GCC_WARN_UNUSED_FUNCTION = YES;
				GCC_WARN_UNUSED_VARIABLE = YES;
				IPHONEOS_DEPLOYMENT_TARGET = 7.0;
				SDKROOT = iphoneos;
				VALIDATE_PRODUCT = YES;
			};
			name = Release;
		};
		7F8991F819B9BA0000D07DA1 /* Debug */ = {
			isa = XCBuildConfiguration;
			buildSettings = {
				ASSETCATALOG_COMPILER_APPICON_NAME = AppIcon;
				ASSETCATALOG_COMPILER_LAUNCHIMAGE_NAME = LaunchImage;
				GCC_PRECOMPILE_PREFIX_HEADER = YES;
				GCC_PREFIX_HEADER = "CustomStackView/CustomStackView-Prefix.pch";
				INFOPLIST_FILE = "CustomStackView/CustomStackView-Info.plist";
				IPHONEOS_DEPLOYMENT_TARGET = 7.0;
				PRODUCT_NAME = "$(TARGET_NAME)";
				WRAPPER_EXTENSION = app;
			};
			name = Debug;
		};
		7F8991F919B9BA0000D07DA1 /* Release */ = {
			isa = XCBuildConfiguration;
			buildSettings = {
				ASSETCATALOG_COMPILER_APPICON_NAME = AppIcon;
				ASSETCATALOG_COMPILER_LAUNCHIMAGE_NAME = LaunchImage;
				GCC_PRECOMPILE_PREFIX_HEADER = YES;
				GCC_PREFIX_HEADER = "CustomStackView/CustomStackView-Prefix.pch";
				INFOPLIST_FILE = "CustomStackView/CustomStackView-Info.plist";
				IPHONEOS_DEPLOYMENT_TARGET = 7.0;
				PRODUCT_NAME = "$(TARGET_NAME)";
				WRAPPER_EXTENSION = app;
			};
			name = Release;
		};
		7F8991FB19B9BA0000D07DA1 /* Debug */ = {
			isa = XCBuildConfiguration;
			buildSettings = {
				BUNDLE_LOADER = "$(BUILT_PRODUCTS_DIR)/CustomStackView.app/CustomStackView";
				FRAMEWORK_SEARCH_PATHS = (
					"$(SDKROOT)/Developer/Library/Frameworks",
					"$(inherited)",
					"$(DEVELOPER_FRAMEWORKS_DIR)",
				);
				GCC_PRECOMPILE_PREFIX_HEADER = YES;
				GCC_PREFIX_HEADER = "CustomStackView/CustomStackView-Prefix.pch";
				GCC_PREPROCESSOR_DEFINITIONS = (
					"DEBUG=1",
					"$(inherited)",
				);
				INFOPLIST_FILE = "CustomStackViewTests/CustomStackViewTests-Info.plist";
				PRODUCT_NAME = "$(TARGET_NAME)";
				TEST_HOST = "$(BUNDLE_LOADER)";
				WRAPPER_EXTENSION = xctest;
			};
			name = Debug;
		};
		7F8991FC19B9BA0000D07DA1 /* Release */ = {
			isa = XCBuildConfiguration;
			buildSettings = {
				BUNDLE_LOADER = "$(BUILT_PRODUCTS_DIR)/CustomStackView.app/CustomStackView";
				FRAMEWORK_SEARCH_PATHS = (
					"$(SDKROOT)/Developer/Library/Frameworks",
					"$(inherited)",
					"$(DEVELOPER_FRAMEWORKS_DIR)",
				);
				GCC_PRECOMPILE_PREFIX_HEADER = YES;
				GCC_PREFIX_HEADER = "CustomStackView/CustomStackView-Prefix.pch";
				INFOPLIST_FILE = "CustomStackViewTests/CustomStackViewTests-Info.plist";
				PRODUCT_NAME = "$(TARGET_NAME)";
				TEST_HOST = "$(BUNDLE_LOADER)";
				WRAPPER_EXTENSION = xctest;
			};
			name = Release;
		};
/* End XCBuildConfiguration section */

/* Begin XCConfigurationList section */
		7F8991C019B9BA0000D07DA1 /* Build configuration list for PBXProject "CustomStackView" */ = {
			isa = XCConfigurationList;
			buildConfigurations = (
				7F8991F519B9BA0000D07DA1 /* Debug */,
				7F8991F619B9BA0000D07DA1 /* Release */,
			);
			defaultConfigurationIsVisible = 0;
			defaultConfigurationName = Release;
		};
		7F8991F719B9BA0000D07DA1 /* Build configuration list for PBXNativeTarget "CustomStackView" */ = {
			isa = XCConfigurationList;
			buildConfigurations = (
				7F8991F819B9BA0000D07DA1 /* Debug */,
				7F8991F919B9BA0000D07DA1 /* Release */,
			);
			defaultConfigurationIsVisible = 0;
			defaultConfigurationName = Release;
		};
		7F8991FA19B9BA0000D07DA1 /* Build configuration list for PBXNativeTarget "CustomStackViewTests" */ = {
			isa = XCConfigurationList;
			buildConfigurations = (
				7F8991FB19B9BA0000D07DA1 /* Debug */,
				7F8991FC19B9BA0000D07DA1 /* Release */,
			);
			defaultConfigurationIsVisible = 0;
			defaultConfigurationName = Release;
		};
/* End XCConfigurationList section */
	};
	rootObject = 7F8991BD19B9BA0000D07DA1 /* Project object */;
}
